# This file is automatically @generated by Cargo.
# It is not intended for manual editing.
[[package]]
name = "futures"
version = "0.1.29"
source = "registry+https://github.com/rust-lang/crates.io-index"
checksum = "1b980f2816d6ee8673b6517b52cb0e808a180efc92e5c19d02cdda79066703ef"

[[package]]
name = "napi-demo"
version = "0.1.0"
dependencies = [
 "node-api",
]

[[package]]
name = "node-api"
version = "0.1.0"
source = "git+https://github.com/jupp0r/node-api.git#a157b1c2ff560b7c15893ffdb22f978d9c9ac39d"
dependencies = [
 "futures",
 "node-api-sys",
]

[[package]]
name = "node-api-sys"
version = "0.1.1"
source = "git+https://github.com/jupp0r/node-api.git#a157b1c2ff560b7c15893ffdb22f978d9c9ac39d"
